{
    "name": "hornby-panthers-calendar-generator",
    "version": "1.0.0",
    "lockfileVersion": 3,
    "requires": true,
    "packages": {
        "": {
            "name": "hornby-panthers-calendar-generator",
            "version": "1.0.0",
            "dependencies": {
                "undici": "^7.9.0"
            }
        },
        "node_modules/undici": {
            "version": "7.9.0",
            "resolved": "https://registry.npmjs.org/undici/-/undici-7.9.0.tgz",
            "integrity": "sha512-e696y354tf5cFZPXsF26Yg+5M63+5H3oE6Vtkh2oqbvsE2Oe7s2nIbcQh5lmG7Lp/eS29vJtTpw9+p6PX0qNSg==",
            "license": "MIT",
            "engines": {
                "node": ">=20.18.1"
            }
        }
    }
}
